
Microsoft Visual Studio Solution File, Format Version 12.00
# Visual Studio Version 17
VisualStudioVersion = 17.10.35027.167
MinimumVisualStudioVersion = 10.0.40219.1
Project("{FAE04EC0-301F-11D3-BF4B-00C04F79EFBC}") = "GameServer", "GameServer\GameServer.csproj", "{B877AA15-A7CA-4F57-9356-765615776201}"
EndProject
Global
	GlobalSection(SolutionConfigurationPlatforms) = preSolution
		Debug|Any CPU = Debug|Any CPU
		Release|Any CPU = Release|Any CPU
	EndGlobalSection
	GlobalSection(ProjectConfigurationPlatforms) = postSolution
		{B877AA15-A7CA-4F57-9356-765615776201}.Debug|Any CPU.ActiveCfg = Debug|Any CPU
		{B877AA15-A7CA-4F57-9356-765615776201}.Debug|Any CPU.Build.0 = Debug|Any CPU
		{B877AA15-A7CA-4F57-9356-765615776201}.Release|Any CPU.ActiveCfg = Release|Any CPU
		{B877AA15-A7CA-4F57-9356-765615776201}.Release|Any CPU.Build.0 = Release|Any CPU
	EndGlobalSection
	GlobalSection(SolutionProperties) = preSolution
		HideSolutionNode = FALSE
	EndGlobalSection
	GlobalSection(ExtensibilityGlobals) = postSolution
		SolutionGuid = {99736D2A-F79D-4071-934C-9AF9639306EF}
	EndGlobalSection
EndGlobal
